
Microsoft Visual Studio Solution File, Format Version 12.00
# Visual Studio 15
VisualStudioVersion = 15.0.27130.2036
MinimumVisualStudioVersion = 10.0.40219.1
Project("{888888A0-9F3D-457C-B088-3A5042F75D52}") = "Practice1", "Practice1\Practice1.pyproj", "{CB4DCCAF-F3D5-4B4E-B98B-B61D76997C02}"
EndProject
Project("{888888A0-9F3D-457C-B088-3A5042F75D52}") = "Practice2RPS", "Practice2SimulatedDice\Practice2RPS.pyproj", "{D60DAC65-77AC-4831-9CEA-6C64DAA044A4}"
EndProject
Project("{888888A0-9F3D-457C-B088-3A5042F75D52}") = "Practice3Encryption", "Practice3Encryption\Practice3Encryption.pyproj", "{659AE902-EC21-4F25-9DA3-E8F36ED886C5}"
EndProject
Project("{888888A0-9F3D-457C-B088-3A5042F75D52}") = "Hangman", "Hangman\Hangman.pyproj", "{DDF396C5-D28F-4B59-BF14-5CB82E49A450}"
EndProject
Project("{888888A0-9F3D-457C-B088-3A5042F75D52}") = "C200MidtermPractice", "C200MidtermPractice\C200MidtermPractice.pyproj", "{582BB028-2712-4B4A-93C0-25EAF4C00D12}"
EndProject
Global
	GlobalSection(SolutionConfigurationPlatforms) = preSolution
		Debug|Any CPU = Debug|Any CPU
		Release|Any CPU = Release|Any CPU
	EndGlobalSection
	GlobalSection(ProjectConfigurationPlatforms) = postSolution
		{CB4DCCAF-F3D5-4B4E-B98B-B61D76997C02}.Debug|Any CPU.ActiveCfg = Debug|Any CPU
		{CB4DCCAF-F3D5-4B4E-B98B-B61D76997C02}.Release|Any CPU.ActiveCfg = Release|Any CPU
		{D60DAC65-77AC-4831-9CEA-6C64DAA044A4}.Debug|Any CPU.ActiveCfg = Debug|Any CPU
		{D60DAC65-77AC-4831-9CEA-6C64DAA044A4}.Release|Any CPU.ActiveCfg = Release|Any CPU
		{659AE902-EC21-4F25-9DA3-E8F36ED886C5}.Debug|Any CPU.ActiveCfg = Debug|Any CPU
		{659AE902-EC21-4F25-9DA3-E8F36ED886C5}.Release|Any CPU.ActiveCfg = Release|Any CPU
		{DDF396C5-D28F-4B59-BF14-5CB82E49A450}.Debug|Any CPU.ActiveCfg = Debug|Any CPU
		{DDF396C5-D28F-4B59-BF14-5CB82E49A450}.Release|Any CPU.ActiveCfg = Release|Any CPU
		{582BB028-2712-4B4A-93C0-25EAF4C00D12}.Debug|Any CPU.ActiveCfg = Debug|Any CPU
		{582BB028-2712-4B4A-93C0-25EAF4C00D12}.Release|Any CPU.ActiveCfg = Release|Any CPU
	EndGlobalSection
	GlobalSection(SolutionProperties) = preSolution
		HideSolutionNode = FALSE
	EndGlobalSection
	GlobalSection(ExtensibilityGlobals) = postSolution
		SolutionGuid = {80E17DC3-10F4-455C-B3DF-6C6F272007A4}
	EndGlobalSection
EndGlobal
